
Microsoft Visual Studio Solution File, Format Version 12.00
# Visual Studio Version 17
VisualStudioVersion = 17.12.35527.113
MinimumVisualStudioVersion = 10.0.40219.1
Project("{2150E333-8FDC-42A3-9474-1A3956D46DE8}") = "FrontEnd", "FrontEnd", "{E705D8C8-075B-457A-AE5E-C6E11A6BF232}"
EndProject
Project("{2150E333-8FDC-42A3-9474-1A3956D46DE8}") = "Gateway", "Gateway", "{DE86287F-E9C9-4956-BACB-CF88F6823150}"
EndProject
Project("{2150E333-8FDC-42A3-9474-1A3956D46DE8}") = "Integration", "Integration", "{7BF50F5A-5D5F-4788-88B6-4AE5EC063248}"
EndProject
Project("{2150E333-8FDC-42A3-9474-1A3956D46DE8}") = "Services", "Services", "{5EAB9026-FE76-4717-B0EB-878C55C25A95}"
EndProject
Project("{FAE04EC0-301F-11D3-BF4B-00C04F79EFBC}") = "Shopp.Services.CouponAPI", "Shopp.Services.CouponAPI\Shopp.Services.CouponAPI.csproj", "{BD872D4B-E306-4BC2-8DDA-93E63B372BE0}"
EndProject
Project("{FAE04EC0-301F-11D3-BF4B-00C04F79EFBC}") = "Shopp.Web", "Shopp.Web\Shopp.Web.csproj", "{D3A6AF74-0C1E-4D1F-98D0-E03F5ABFFD2B}"
EndProject
Project("{FAE04EC0-301F-11D3-BF4B-00C04F79EFBC}") = "Shopp.Services.AuthAPI", "Shopp.Services.AuthAPI\Shopp.Services.AuthAPI.csproj", "{168F7EEC-C067-4033-97D5-63CC2FDD7015}"
EndProject
Project("{FAE04EC0-301F-11D3-BF4B-00C04F79EFBC}") = "Shopp.Services.ProductAPI", "Shopp.Services.ProductAPI\Shopp.Services.ProductAPI.csproj", "{EBF1BECC-8958-443E-A922-845500FBF0B0}"
EndProject
Project("{FAE04EC0-301F-11D3-BF4B-00C04F79EFBC}") = "Shopp.Services.ShoppingCartAPI", "Shopp.Services.ShoppingCartAPI\Shopp.Services.ShoppingCartAPI.csproj", "{2753F910-9958-4F35-95B2-DAF2B0492A91}"
EndProject
Project("{FAE04EC0-301F-11D3-BF4B-00C04F79EFBC}") = "Shopp.MessageBus", "Shopp.MessageBus\Shopp.MessageBus.csproj", "{236C132B-13F5-4D94-B179-D780B2EBD037}"
EndProject
Project("{FAE04EC0-301F-11D3-BF4B-00C04F79EFBC}") = "Shopp.Services.EmailAPI", "EmailAPI\Shopp.Services.EmailAPI.csproj", "{BB33EF5E-CD5C-4A50-9BA7-4958D0C83932}"
EndProject
Project("{FAE04EC0-301F-11D3-BF4B-00C04F79EFBC}") = "Shopp.Services.OrderAPI", "Shopp.Services.OrderAPI\Shopp.Services.OrderAPI.csproj", "{4695837D-AC38-4E87-A952-D3C3D7A60DEF}"
EndProject
Project("{FAE04EC0-301F-11D3-BF4B-00C04F79EFBC}") = "Shopp.Services.RewardAPI", "Shopp.Services.RewardAPI\Shopp.Services.RewardAPI.csproj", "{31FD0161-7397-46C8-9E47-34C266FEA736}"
EndProject
Project("{FAE04EC0-301F-11D3-BF4B-00C04F79EFBC}") = "Shopp.GateWaySolution", "Shopp.GateWaySolution\Shopp.GateWaySolution.csproj", "{F29B8F62-ECE2-45F9-9F9A-0191DB304534}"
EndProject
Global
	GlobalSection(SolutionConfigurationPlatforms) = preSolution
		Debug|Any CPU = Debug|Any CPU
		Release|Any CPU = Release|Any CPU
	EndGlobalSection
	GlobalSection(ProjectConfigurationPlatforms) = postSolution
		{BD872D4B-E306-4BC2-8DDA-93E63B372BE0}.Debug|Any CPU.ActiveCfg = Debug|Any CPU
		{BD872D4B-E306-4BC2-8DDA-93E63B372BE0}.Debug|Any CPU.Build.0 = Debug|Any CPU
		{BD872D4B-E306-4BC2-8DDA-93E63B372BE0}.Release|Any CPU.ActiveCfg = Release|Any CPU
		{BD872D4B-E306-4BC2-8DDA-93E63B372BE0}.Release|Any CPU.Build.0 = Release|Any CPU
		{D3A6AF74-0C1E-4D1F-98D0-E03F5ABFFD2B}.Debug|Any CPU.ActiveCfg = Debug|Any CPU
		{D3A6AF74-0C1E-4D1F-98D0-E03F5ABFFD2B}.Debug|Any CPU.Build.0 = Debug|Any CPU
		{D3A6AF74-0C1E-4D1F-98D0-E03F5ABFFD2B}.Release|Any CPU.ActiveCfg = Release|Any CPU
		{D3A6AF74-0C1E-4D1F-98D0-E03F5ABFFD2B}.Release|Any CPU.Build.0 = Release|Any CPU
		{168F7EEC-C067-4033-97D5-63CC2FDD7015}.Debug|Any CPU.ActiveCfg = Debug|Any CPU
		{168F7EEC-C067-4033-97D5-63CC2FDD7015}.Debug|Any CPU.Build.0 = Debug|Any CPU
		{168F7EEC-C067-4033-97D5-63CC2FDD7015}.Release|Any CPU.ActiveCfg = Release|Any CPU
		{168F7EEC-C067-4033-97D5-63CC2FDD7015}.Release|Any CPU.Build.0 = Release|Any CPU
		{EBF1BECC-8958-443E-A922-845500FBF0B0}.Debug|Any CPU.ActiveCfg = Debug|Any CPU
		{EBF1BECC-8958-443E-A922-845500FBF0B0}.Debug|Any CPU.Build.0 = Debug|Any CPU
		{EBF1BECC-8958-443E-A922-845500FBF0B0}.Release|Any CPU.ActiveCfg = Release|Any CPU
		{EBF1BECC-8958-443E-A922-845500FBF0B0}.Release|Any CPU.Build.0 = Release|Any CPU
		{2753F910-9958-4F35-95B2-DAF2B0492A91}.Debug|Any CPU.ActiveCfg = Debug|Any CPU
		{2753F910-9958-4F35-95B2-DAF2B0492A91}.Debug|Any CPU.Build.0 = Debug|Any CPU
		{2753F910-9958-4F35-95B2-DAF2B0492A91}.Release|Any CPU.ActiveCfg = Release|Any CPU
		{2753F910-9958-4F35-95B2-DAF2B0492A91}.Release|Any CPU.Build.0 = Release|Any CPU
		{236C132B-13F5-4D94-B179-D780B2EBD037}.Debug|Any CPU.ActiveCfg = Debug|Any CPU
		{236C132B-13F5-4D94-B179-D780B2EBD037}.Debug|Any CPU.Build.0 = Debug|Any CPU
		{236C132B-13F5-4D94-B179-D780B2EBD037}.Release|Any CPU.ActiveCfg = Release|Any CPU
		{236C132B-13F5-4D94-B179-D780B2EBD037}.Release|Any CPU.Build.0 = Release|Any CPU
		{BB33EF5E-CD5C-4A50-9BA7-4958D0C83932}.Debug|Any CPU.ActiveCfg = Debug|Any CPU
		{BB33EF5E-CD5C-4A50-9BA7-4958D0C83932}.Debug|Any CPU.Build.0 = Debug|Any CPU
		{BB33EF5E-CD5C-4A50-9BA7-4958D0C83932}.Release|Any CPU.ActiveCfg = Release|Any CPU
		{BB33EF5E-CD5C-4A50-9BA7-4958D0C83932}.Release|Any CPU.Build.0 = Release|Any CPU
		{4695837D-AC38-4E87-A952-D3C3D7A60DEF}.Debug|Any CPU.ActiveCfg = Debug|Any CPU
		{4695837D-AC38-4E87-A952-D3C3D7A60DEF}.Debug|Any CPU.Build.0 = Debug|Any CPU
		{4695837D-AC38-4E87-A952-D3C3D7A60DEF}.Release|Any CPU.ActiveCfg = Release|Any CPU
		{4695837D-AC38-4E87-A952-D3C3D7A60DEF}.Release|Any CPU.Build.0 = Release|Any CPU
		{31FD0161-7397-46C8-9E47-34C266FEA736}.Debug|Any CPU.ActiveCfg = Debug|Any CPU
		{31FD0161-7397-46C8-9E47-34C266FEA736}.Debug|Any CPU.Build.0 = Debug|Any CPU
		{31FD0161-7397-46C8-9E47-34C266FEA736}.Release|Any CPU.ActiveCfg = Release|Any CPU
		{31FD0161-7397-46C8-9E47-34C266FEA736}.Release|Any CPU.Build.0 = Release|Any CPU
		{F29B8F62-ECE2-45F9-9F9A-0191DB304534}.Debug|Any CPU.ActiveCfg = Debug|Any CPU
		{F29B8F62-ECE2-45F9-9F9A-0191DB304534}.Debug|Any CPU.Build.0 = Debug|Any CPU
		{F29B8F62-ECE2-45F9-9F9A-0191DB304534}.Release|Any CPU.ActiveCfg = Release|Any CPU
		{F29B8F62-ECE2-45F9-9F9A-0191DB304534}.Release|Any CPU.Build.0 = Release|Any CPU
	EndGlobalSection
	GlobalSection(SolutionProperties) = preSolution
		HideSolutionNode = FALSE
	EndGlobalSection
	GlobalSection(NestedProjects) = preSolution
		{BD872D4B-E306-4BC2-8DDA-93E63B372BE0} = {5EAB9026-FE76-4717-B0EB-878C55C25A95}
		{D3A6AF74-0C1E-4D1F-98D0-E03F5ABFFD2B} = {E705D8C8-075B-457A-AE5E-C6E11A6BF232}
		{168F7EEC-C067-4033-97D5-63CC2FDD7015} = {5EAB9026-FE76-4717-B0EB-878C55C25A95}
		{EBF1BECC-8958-443E-A922-845500FBF0B0} = {5EAB9026-FE76-4717-B0EB-878C55C25A95}
		{2753F910-9958-4F35-95B2-DAF2B0492A91} = {5EAB9026-FE76-4717-B0EB-878C55C25A95}
		{236C132B-13F5-4D94-B179-D780B2EBD037} = {7BF50F5A-5D5F-4788-88B6-4AE5EC063248}
		{BB33EF5E-CD5C-4A50-9BA7-4958D0C83932} = {5EAB9026-FE76-4717-B0EB-878C55C25A95}
		{4695837D-AC38-4E87-A952-D3C3D7A60DEF} = {5EAB9026-FE76-4717-B0EB-878C55C25A95}
		{31FD0161-7397-46C8-9E47-34C266FEA736} = {5EAB9026-FE76-4717-B0EB-878C55C25A95}
		{F29B8F62-ECE2-45F9-9F9A-0191DB304534} = {DE86287F-E9C9-4956-BACB-CF88F6823150}
	EndGlobalSection
EndGlobal
